// !$*UTF8*$!
{
	archiveVersion = 1;
	classes = {
	};
	objectVersion = 46;
	objects = {

/* Begin PBXBuildFile section */
		6BE7CEDF1C1AC29B0049A05D /* main.m in Sources */ = {isa = PBXBuildFile; fileRef = 6BE7CEDE1C1AC29B0049A05D /* main.m */; };
		6BE7CEE21C1AC29B0049A05D /* AppDelegate.m in Sources */ = {isa = PBXBuildFile; fileRef = 6BE7CEE11C1AC29B0049A05D /* AppDelegate.m */; };
		6BE7CEE51C1AC29B0049A05D /* ViewController.m in Sources */ = {isa = PBXBuildFile; fileRef = 6BE7CEE41C1AC29B0049A05D /* ViewController.m */; };
		6BE7CEE81C1AC29B0049A05D /* Main.storyboard in Resources */ = {isa = PBXBuildFile; fileRef = 6BE7CEE61C1AC29B0049A05D /* Main.storyboard */; };
		6BE7CEEA1C1AC29B0049A05D /* Images.xcassets in Resources */ = {isa = PBXBuildFile; fileRef = 6BE7CEE91C1AC29B0049A05D /* Images.xcassets */; };
		6BE7CEED1C1AC29B0049A05D /* LaunchScreen.xib in Resources */ = {isa = PBXBuildFile; fileRef = 6BE7CEEB1C1AC29B0049A05D /* LaunchScreen.xib */; };
		6BE7CEF91C1AC29C0049A05D /* GitDemoTests.m in Sources */ = {isa = PBXBuildFile; fileRef = 6BE7CEF81C1AC29C0049A05D /* GitDemoTests.m */; };
/* End PBXBuildFile section */

/* Begin PBXContainerItemProxy section */
		6BE7CEF31C1AC29C0049A05D /* PBXContainerItemProxy */ = {
			isa = PBXContainerItemProxy;
			containerPortal = 6BE7CED11C1AC29B0049A05D /* Project object */;
			proxyType = 1;
			remoteGlobalIDString = 6BE7CED81C1AC29B0049A05D;
			remoteInfo = GitDemo;
		};
/* End PBXContainerItemProxy section */

/* Begin PBXFileReference section */
		6BE7CED91C1AC29B0049A05D /* GitDemo.app */ = {isa = PBXFileReference; explicitFileType = wrapper.application; includeInIndex = 0; path = GitDemo.app; sourceTree = BUILT_PRODUCTS_DIR; };
		6BE7CEDD1C1AC29B0049A05D /* Info.plist */ = {isa = PBXFileReference; lastKnownFileType = text.plist.xml; path = Info.plist; sourceTree = "<group>"; };
		6BE7CEDE1C1AC29B0049A05D /* main.m */ = {isa = PBXFileReference; lastKnownFileType = sourcecode.c.objc; path = main.m; sourceTree = "<group>"; };
		6BE7CEE01C1AC29B0049A05D /* AppDelegate.h */ = {isa = PBXFileReference; lastKnownFileType = sourcecode.c.h; path = AppDelegate.h; sourceTree = "<group>"; };
		6BE7CEE11C1AC29B0049A05D /* AppDelegate.m */ = {isa = PBXFileReference; lastKnownFileType = sourcecode.c.objc; path = AppDelegate.m; sourceTree = "<group>"; };
		6BE7CEE31C1AC29B0049A05D /* ViewController.h */ = {isa = PBXFileReference; lastKnownFileType = sourcecode.c.h; path = ViewController.h; sourceTree = "<group>"; };
		6BE7CEE41C1AC29B0049A05D /* ViewController.m */ = {isa = PBXFileReference; lastKnownFileType = sourcecode.c.objc; path = ViewController.m; sourceTree = "<group>"; };
		6BE7CEE71C1AC29B0049A05D /* Base */ = {isa = PBXFileReference; lastKnownFileType = file.storyboard; name = Base; path = Base.lproj/Main.storyboard; sourceTree = "<group>"; };
		6BE7CEE91C1AC29B0049A05D /* Images.xcassets */ = {isa = PBXFileReference; lastKnownFileType = folder.assetcatalog; path = Images.xcassets; sourceTree = "<group>"; };
		6BE7CEEC1C1AC29B0049A05D /* Base */ = {isa = PBXFileReference; lastKnownFileType = file.xib; name = Base; path = Base.lproj/LaunchScreen.xib; sourceTree = "<group>"; };
		6BE7CEF21C1AC29C0049A05D /* GitDemoTests.xctest */ = {isa = PBXFileReference; explicitFileType = wrapper.cfbundle; includeInIndex = 0; path = GitDemoTests.xctest; sourceTree = BUILT_PRODUCTS_DIR; };
		6BE7CEF71C1AC29C0049A05D /* Info.plist */ = {isa = PBXFileReference; lastKnownFileType = text.plist.xml; path = Info.plist; sourceTree = "<group>"; };
		6BE7CEF81C1AC29C0049A05D /* GitDemoTests.m */ = {isa = PBXFileReference; lastKnownFileType = sourcecode.c.objc; path = GitDemoTests.m; sourceTree = "<group>"; };
/* End PBXFileReference section */

/* Begin PBXFrameworksBuildPhase section */
		6BE7CED61C1AC29B0049A05D /* Frameworks */ = {
			isa = PBXFrameworksBuildPhase;
			buildActionMask = 2147483647;
			files = (
			);
			runOnlyForDeploymentPostprocessing = 0;
		};
		6BE7CEEF1C1AC29C0049A05D /* Frameworks */ = {
			isa = PBXFrameworksBuildPhase;
			buildActionMask = 2147483647;
			files = (
			);
			runOnlyForDeploymentPostprocessing = 0;
		};
/* End PBXFrameworksBuildPhase section */

/* Begin PBXGroup section */
		6BE7CED01C1AC29B0049A05D = {
			isa = PBXGroup;
			children = (
				6BE7CEDB1C1AC29B0049A05D /* GitDemo */,
				6BE7CEF51C1AC29C0049A05D /* GitDemoTests */,
				6BE7CEDA1C1AC29B0049A05D /* Products */,
			);
			sourceTree = "<group>";
		};
		6BE7CEDA1C1AC29B0049A05D /* Products */ = {
			isa = PBXGroup;
			children = (
				6BE7CED91C1AC29B0049A05D /* GitDemo.app */,
				6BE7CEF21C1AC29C0049A05D /* GitDemoTests.xctest */,
			);
			name = Products;
			sourceTree = "<group>";
		};
		6BE7CEDB1C1AC29B0049A05D /* GitDemo */ = {
			isa = PBXGroup;
			children = (
				6BE7CEE01C1AC29B0049A05D /* AppDelegate.h */,
				6BE7CEE11C1AC29B0049A05D /* AppDelegate.m */,
				6BE7CEE31C1AC29B0049A05D /* ViewController.h */,
				6BE7CEE41C1AC29B0049A05D /* ViewController.m */,
				6BE7CEE61C1AC29B0049A05D /* Main.storyboard */,
				6BE7CEE91C1AC29B0049A05D /* Images.xcassets */,
				6BE7CEEB1C1AC29B0049A05D /* LaunchScreen.xib */,
				6BE7CEDC1C1AC29B0049A05D /* Supporting Files */,
			);
			path = GitDemo;
			sourceTree = "<group>";
		};
		6BE7CEDC1C1AC29B0049A05D /* Supporting Files */ = {
			isa = PBXGroup;
			children = (
				6BE7CEDD1C1AC29B0049A05D /* Info.plist */,
				6BE7CEDE1C1AC29B0049A05D /* main.m */,
			);
			name = "Supporting Files";
			sourceTree = "<group>";
		};
		6BE7CEF51C1AC29C0049A05D /* GitDemoTests */ = {
			isa = PBXGroup;
			children = (
				6BE7CEF81C1AC29C0049A05D /* GitDemoTests.m */,
				6BE7CEF61C1AC29C0049A05D /* Supporting Files */,
			);
			path = GitDemoTests;
			sourceTree = "<group>";
		};
		6BE7CEF61C1AC29C0049A05D /* Supporting Files */ = {
			isa = PBXGroup;
			children = (
				6BE7CEF71C1AC29C0049A05D /* Info.plist */,
			);
			name = "Supporting Files";
			sourceTree = "<group>";
		};
/* End PBXGroup section */

/* Begin PBXNativeTarget section */
		6BE7CED81C1AC29B0049A05D /* GitDemo */ = {
			isa = PBXNativeTarget;
			buildConfigurationList = 6BE7CEFC1C1AC29C0049A05D /* Build configuration list for PBXNativeTarget "GitDemo" */;
			buildPhases = (
				6BE7CED51C1AC29B0049A05D /* Sources */,
				6BE7CED61C1AC29B0049A05D /* Frameworks */,
				6BE7CED71C1AC29B0049A05D /* Resources */,
			);
			buildRules = (
			);
			dependencies = (
			);
			name = GitDemo;
			productName = GitDemo;
			productReference = 6BE7CED91C1AC29B0049A05D /* GitDemo.app */;
			productType = "com.apple.product-type.application";
		};
		6BE7CEF11C1AC29C0049A05D /* GitDemoTests */ = {
			isa = PBXNativeTarget;
			buildConfigurationList = 6BE7CEFF1C1AC29C0049A05D /* Build configuration list for PBXNativeTarget "GitDemoTests" */;
			buildPhases = (
				6BE7CEEE1C1AC29C0049A05D /* Sources */,
				6BE7CEEF1C1AC29C0049A05D /* Frameworks */,
				6BE7CEF01C1AC29C0049A05D /* Resources */,
			);
			buildRules = (
			);
			dependencies = (
				6BE7CEF41C1AC29C0049A05D /* PBXTargetDependency */,
			);
			name = GitDemoTests;
			productName = GitDemoTests;
			productReference = 6BE7CEF21C1AC29C0049A05D /* GitDemoTests.xctest */;
			productType = "com.apple.product-type.bundle.unit-test";
		};
/* End PBXNativeTarget section */

/* Begin PBXProject section */
		6BE7CED11C1AC29B0049A05D /* Project object */ = {
			isa = PBXProject;
			attributes = {
				LastUpgradeCheck = 0640;
				ORGANIZATIONNAME = "Megha Sahal";
				TargetAttributes = {
					6BE7CED81C1AC29B0049A05D = {
						CreatedOnToolsVersion = 6.4;
					};
					6BE7CEF11C1AC29C0049A05D = {
						CreatedOnToolsVersion = 6.4;
						TestTargetID = 6BE7CED81C1AC29B0049A05D;
					};
				};
			};
			buildConfigurationList = 6BE7CED41C1AC29B0049A05D /* Build configuration list for PBXProject "GitDemo" */;
			compatibilityVersion = "Xcode 3.2";
			developmentRegion = English;
			hasScannedForEncodings = 0;
			knownRegions = (
				en,
				Base,
			);
			mainGroup = 6BE7CED01C1AC29B0049A05D;
			productRefGroup = 6BE7CEDA1C1AC29B0049A05D /* Products */;
			projectDirPath = "";
			projectRoot = "";
			targets = (
				6BE7CED81C1AC29B0049A05D /* GitDemo */,
				6BE7CEF11C1AC29C0049A05D /* GitDemoTests */,
			);
		};
/* End PBXProject section */

/* Begin PBXResourcesBuildPhase section */
		6BE7CED71C1AC29B0049A05D /* Resources */ = {
			isa = PBXResourcesBuildPhase;
			buildActionMask = 2147483647;
			files = (
				6BE7CEE81C1AC29B0049A05D /* Main.storyboard in Resources */,
				6BE7CEED1C1AC29B0049A05D /* LaunchScreen.xib in Resources */,
				6BE7CEEA1C1AC29B0049A05D /* Images.xcassets in Resources */,
			);
			runOnlyForDeploymentPostprocessing = 0;
		};
		6BE7CEF01C1AC29C0049A05D /* Resources */ = {
			isa = PBXResourcesBuildPhase;
			buildActionMask = 2147483647;
			files = (
			);
			runOnlyForDeploymentPostprocessing = 0;
		};
/* End PBXResourcesBuildPhase section */

/* Begin PBXSourcesBuildPhase section */
		6BE7CED51C1AC29B0049A05D /* Sources */ = {
			isa = PBXSourcesBuildPhase;
			buildActionMask = 2147483647;
			files = (
				6BE7CEE51C1AC29B0049A05D /* ViewController.m in Sources */,
				6BE7CEE21C1AC29B0049A05D /* AppDelegate.m in Sources */,
				6BE7CEDF1C1AC29B0049A05D /* main.m in Sources */,
			);
			runOnlyForDeploymentPostprocessing = 0;
		};
		6BE7CEEE1C1AC29C0049A05D /* Sources */ = {
			isa = PBXSourcesBuildPhase;
			buildActionMask = 2147483647;
			files = (
				6BE7CEF91C1AC29C0049A05D /* GitDemoTests.m in Sources */,
			);
			runOnlyForDeploymentPostprocessing = 0;
		};
/* End PBXSourcesBuildPhase section */

/* Begin PBXTargetDependency section */
		6BE7CEF41C1AC29C0049A05D /* PBXTargetDependency */ = {
			isa = PBXTargetDependency;
			target = 6BE7CED81C1AC29B0049A05D /* GitDemo */;
			targetProxy = 6BE7CEF31C1AC29C0049A05D /* PBXContainerItemProxy */;
		};
/* End PBXTargetDependency section */

/* Begin PBXVariantGroup section */
		6BE7CEE61C1AC29B0049A05D /* Main.storyboard */ = {
			isa = PBXVariantGroup;
			children = (
				6BE7CEE71C1AC29B0049A05D /* Base */,
			);
			name = Main.storyboard;
			sourceTree = "<group>";
		};
		6BE7CEEB1C1AC29B0049A05D /* LaunchScreen.xib */ = {
			isa = PBXVariantGroup;
			children = (
				6BE7CEEC1C1AC29B0049A05D /* Base */,
			);
			name = LaunchScreen.xib;
			sourceTree = "<group>";
		};
/* End PBXVariantGroup section */

/* Begin XCBuildConfiguration section */
		6BE7CEFA1C1AC29C0049A05D /* Debug */ = {
			isa = XCBuildConfiguration;
			buildSettings = {
				ALWAYS_SEARCH_USER_PATHS = NO;
				CLANG_CXX_LANGUAGE_STANDARD = "gnu++0x";
				CLANG_CXX_LIBRARY = "libc++";
				CLANG_ENABLE_MODULES = YES;
				CLANG_ENABLE_OBJC_ARC = YES;
				CLANG_WARN_BOOL_CONVERSION = YES;
				CLANG_WARN_CONSTANT_CONVERSION = YES;
				CLANG_WARN_DIRECT_OBJC_ISA_USAGE = YES_ERROR;
				CLANG_WARN_EMPTY_BODY = YES;
				CLANG_WARN_ENUM_CONVERSION = YES;
				CLANG_WARN_INT_CONVERSION = YES;
				CLANG_WARN_OBJC_ROOT_CLASS = YES_ERROR;
				CLANG_WARN_UNREACHABLE_CODE = YES;
				CLANG_WARN__DUPLICATE_METHOD_MATCH = YES;
				"CODE_SIGN_IDENTITY[sdk=iphoneos*]" = "iPhone Developer";
				COPY_PHASE_STRIP = NO;
				DEBUG_INFORMATION_FORMAT = "dwarf-with-dsym";
				ENABLE_STRICT_OBJC_MSGSEND = YES;
				GCC_C_LANGUAGE_STANDARD = gnu99;
				GCC_DYNAMIC_NO_PIC = NO;
				GCC_NO_COMMON_BLOCKS = YES;
				GCC_OPTIMIZATION_LEVEL = 0;
				GCC_PREPROCESSOR_DEFINITIONS = (
					"DEBUG=1",
					"$(inherited)",
				);
				GCC_SYMBOLS_PRIVATE_EXTERN = NO;
				GCC_WARN_64_TO_32_BIT_CONVERSION = YES;
				GCC_WARN_ABOUT_RETURN_TYPE = YES_ERROR;
				GCC_WARN_UNDECLARED_SELECTOR = YES;
				GCC_WARN_UNINITIALIZED_AUTOS = YES_AGGRESSIVE;
				GCC_WARN_UNUSED_FUNCTION = YES;
				GCC_WARN_UNUSED_VARIABLE = YES;
				IPHONEOS_DEPLOYMENT_TARGET = 8.4;
				MTL_ENABLE_DEBUG_INFO = YES;
				ONLY_ACTIVE_ARCH = YES;
				SDKROOT = iphoneos;
				TARGETED_DEVICE_FAMILY = "1,2";
			};
			name = Debug;
		};
		6BE7CEFB1C1AC29C0049A05D /* Release */ = {
			isa = XCBuildConfiguration;
			buildSettings = {
				ALWAYS_SEARCH_USER_PATHS = NO;
				CLANG_CXX_LANGUAGE_STANDARD = "gnu++0x";
				CLANG_CXX_LIBRARY = "libc++";
				CLANG_ENABLE_MODULES = YES;
				CLANG_ENABLE_OBJC_ARC = YES;
				CLANG_WARN_BOOL_CONVERSION = YES;
				CLANG_WARN_CONSTANT_CONVERSION = YES;
				CLANG_WARN_DIRECT_OBJC_ISA_USAGE = YES_ERROR;
				CLANG_WARN_EMPTY_BODY = YES;
				CLANG_WARN_ENUM_CONVERSION = YES;
				CLANG_WARN_INT_CONVERSION = YES;
				CLANG_WARN_OBJC_ROOT_CLASS = YES_ERROR;
				CLANG_WARN_UNREACHABLE_CODE = YES;
				CLANG_WARN__DUPLICATE_METHOD_MATCH = YES;
				"CODE_SIGN_IDENTITY[sdk=iphoneos*]" = "iPhone Developer";
				COPY_PHASE_STRIP = NO;
				DEBUG_INFORMATION_FORMAT = "dwarf-with-dsym";
				ENABLE_NS_ASSERTIONS = NO;
				ENABLE_STRICT_OBJC_MSGSEND = YES;
				GCC_C_LANGUAGE_STANDARD = gnu99;
				GCC_NO_COMMON_BLOCKS = YES;
				GCC_WARN_64_TO_32_BIT_CONVERSION = YES;
				GCC_WARN_ABOUT_RETURN_TYPE = YES_ERROR;
				GCC_WARN_UNDECLARED_SELECTOR = YES;
				GCC_WARN_UNINITIALIZED_AUTOS = YES_AGGRESSIVE;
				GCC_WARN_UNUSED_FUNCTION = YES;
				GCC_WARN_UNUSED_VARIABLE = YES;
				IPHONEOS_DEPLOYMENT_TARGET = 8.4;
				MTL_ENABLE_DEBUG_INFO = NO;
				SDKROOT = iphoneos;
				TARGETED_DEVICE_FAMILY = "1,2";
				VALIDATE_PRODUCT = YES;
			};
			name = Release;
		};
		6BE7CEFD1C1AC29C0049A05D /* Debug */ = {
			isa = XCBuildConfiguration;
			buildSettings = {
				ASSETCATALOG_COMPILER_APPICON_NAME = AppIcon;
				INFOPLIST_FILE = GitDemo/Info.plist;
				LD_RUNPATH_SEARCH_PATHS = "$(inherited) @executable_path/Frameworks";
				PRODUCT_NAME = "$(TARGET_NAME)";
			};
			name = Debug;
		};
		6BE7CEFE1C1AC29C0049A05D /* Release */ = {
			isa = XCBuildConfiguration;
			buildSettings = {
				ASSETCATALOG_COMPILER_APPICON_NAME = AppIcon;
				INFOPLIST_FILE = GitDemo/Info.plist;
				LD_RUNPATH_SEARCH_PATHS = "$(inherited) @executable_path/Frameworks";
				PRODUCT_NAME = "$(TARGET_NAME)";
			};
			name = Release;
		};
		6BE7CF001C1AC29C0049A05D /* Debug */ = {
			isa = XCBuildConfiguration;
			buildSettings = {
				BUNDLE_LOADER = "$(TEST_HOST)";
				FRAMEWORK_SEARCH_PATHS = (
					"$(SDKROOT)/Developer/Library/Frameworks",
					"$(inherited)",
				);
				GCC_PREPROCESSOR_DEFINITIONS = (
					"DEBUG=1",
					"$(inherited)",
				);
				INFOPLIST_FILE = GitDemoTests/Info.plist;
				LD_RUNPATH_SEARCH_PATHS = "$(inherited) @executable_path/Frameworks @loader_path/Frameworks";
				PRODUCT_NAME = "$(TARGET_NAME)";
				TEST_HOST = "$(BUILT_PRODUCTS_DIR)/GitDemo.app/GitDemo";
			};
			name = Debug;
		};
		6BE7CF011C1AC29C0049A05D /* Release */ = {
			isa = XCBuildConfiguration;
			buildSettings = {
				BUNDLE_LOADER = "$(TEST_HOST)";
				FRAMEWORK_SEARCH_PATHS = (
					"$(SDKROOT)/Developer/Library/Frameworks",
					"$(inherited)",
				);
				INFOPLIST_FILE = GitDemoTests/Info.plist;
				LD_RUNPATH_SEARCH_PATHS = "$(inherited) @executable_path/Frameworks @loader_path/Frameworks";
				PRODUCT_NAME = "$(TARGET_NAME)";
				TEST_HOST = "$(BUILT_PRODUCTS_DIR)/GitDemo.app/GitDemo";
			};
			name = Release;
		};
/* End XCBuildConfiguration section */

/* Begin XCConfigurationList section */
		6BE7CED41C1AC29B0049A05D /* Build configuration list for PBXProject "GitDemo" */ = {
			isa = XCConfigurationList;
			buildConfigurations = (
				6BE7CEFA1C1AC29C0049A05D /* Debug */,
				6BE7CEFB1C1AC29C0049A05D /* Release */,
			);
			defaultConfigurationIsVisible = 0;
			defaultConfigurationName = Release;
		};
		6BE7CEFC1C1AC29C0049A05D /* Build configuration list for PBXNativeTarget "GitDemo" */ = {
			isa = XCConfigurationList;
			buildConfigurations = (
				6BE7CEFD1C1AC29C0049A05D /* Debug */,
				6BE7CEFE1C1AC29C0049A05D /* Release */,
			);
			defaultConfigurationIsVisible = 0;
		};
		6BE7CEFF1C1AC29C0049A05D /* Build configuration list for PBXNativeTarget "GitDemoTests" */ = {
			isa = XCConfigurationList;
			buildConfigurations = (
				6BE7CF001C1AC29C0049A05D /* Debug */,
				6BE7CF011C1AC29C0049A05D /* Release */,
			);
			defaultConfigurationIsVisible = 0;
		};
/* End XCConfigurationList section */
	};
	rootObject = 6BE7CED11C1AC29B0049A05D /* Project object */;
}
